
Microsoft Visual Studio Solution File, Format Version 12.00
# Visual Studio 15
VisualStudioVersion = 15.0.27130.2020
MinimumVisualStudioVersion = 10.0.40219.1
Project("{9A19103F-16F7-4668-BE54-9A1E7A4F7556}") = "DataStructures_and_algorithms_practice", "dataStructures_and_algorithms_practice\DataStructures_and_algorithms_practice.csproj", "{D16119DE-E6F6-42B3-8EE1-6C1169EE59F7}"
EndProject
Project("{9A19103F-16F7-4668-BE54-9A1E7A4F7556}") = "Linked_lists", "Linked_lists\Linked_lists.csproj", "{2B45DAA4-6B0A-46B5-ADDD-D78C489B0C3E}"
EndProject
Project("{9A19103F-16F7-4668-BE54-9A1E7A4F7556}") = "linkedlist_with_sigle_element", "linkedlist_with_single_element\linkedlist_with_sigle_element\linkedlist_with_sigle_element.csproj", "{4B4CD9B3-D4B5-4E21-B91C-F3A87FB2DBCB}"
EndProject
Project("{9A19103F-16F7-4668-BE54-9A1E7A4F7556}") = "linkedlist_with_single_element_test", "linkedlist_with_single_element_test\linkedlist_with_single_element_test.csproj", "{DBC610C5-2512-451A-9C8F-13499E2A8B74}"
EndProject
Project("{9A19103F-16F7-4668-BE54-9A1E7A4F7556}") = "stack", "stack\stack.csproj", "{5B655486-86C9-437E-8EEA-F0B15FAC098E}"
EndProject
Project("{9A19103F-16F7-4668-BE54-9A1E7A4F7556}") = "stack_test", "stack_test\stack_test.csproj", "{AEA3D55C-6F18-4A3B-A26A-377CE8E07717}"
EndProject
Project("{9A19103F-16F7-4668-BE54-9A1E7A4F7556}") = "problem_solving_using_stack", "problem_solving_using_stack\problem_solving_using_stack.csproj", "{3672F19F-EDFB-462C-8F4F-322C01861CB6}"
EndProject
Project("{FAE04EC0-301F-11D3-BF4B-00C04F79EFBC}") = "problem_solving_using_stack_test", "problem_solving_using_stack_test\problem_solving_using_stack_test.csproj", "{A059C100-A6AA-4D1D-8794-D9039F050F6F}"
EndProject
Project("{FAE04EC0-301F-11D3-BF4B-00C04F79EFBC}") = "queue", "queue\queue.csproj", "{C0E862A5-3DED-45B6-BBCF-7ED1285F9979}"
EndProject
Project("{FAE04EC0-301F-11D3-BF4B-00C04F79EFBC}") = "queue_test", "queue_test\queue_test.csproj", "{3B2A8227-98CC-4E45-9221-AEF6987DF126}"
EndProject
Project("{FAE04EC0-301F-11D3-BF4B-00C04F79EFBC}") = "queue_using_two_stacks", "queue_using_two_stacks\queue_using_two_stacks.csproj", "{096A15FC-8324-4E7D-93ED-DBC97640123A}"
EndProject
Global
	GlobalSection(SolutionConfigurationPlatforms) = preSolution
		Debug|Any CPU = Debug|Any CPU
		Release|Any CPU = Release|Any CPU
	EndGlobalSection
	GlobalSection(ProjectConfigurationPlatforms) = postSolution
		{D16119DE-E6F6-42B3-8EE1-6C1169EE59F7}.Debug|Any CPU.ActiveCfg = Debug|Any CPU
		{D16119DE-E6F6-42B3-8EE1-6C1169EE59F7}.Debug|Any CPU.Build.0 = Debug|Any CPU
		{D16119DE-E6F6-42B3-8EE1-6C1169EE59F7}.Release|Any CPU.ActiveCfg = Release|Any CPU
		{D16119DE-E6F6-42B3-8EE1-6C1169EE59F7}.Release|Any CPU.Build.0 = Release|Any CPU
		{2B45DAA4-6B0A-46B5-ADDD-D78C489B0C3E}.Debug|Any CPU.ActiveCfg = Debug|Any CPU
		{2B45DAA4-6B0A-46B5-ADDD-D78C489B0C3E}.Debug|Any CPU.Build.0 = Debug|Any CPU
		{2B45DAA4-6B0A-46B5-ADDD-D78C489B0C3E}.Release|Any CPU.ActiveCfg = Release|Any CPU
		{2B45DAA4-6B0A-46B5-ADDD-D78C489B0C3E}.Release|Any CPU.Build.0 = Release|Any CPU
		{4B4CD9B3-D4B5-4E21-B91C-F3A87FB2DBCB}.Debug|Any CPU.ActiveCfg = Debug|Any CPU
		{4B4CD9B3-D4B5-4E21-B91C-F3A87FB2DBCB}.Debug|Any CPU.Build.0 = Debug|Any CPU
		{4B4CD9B3-D4B5-4E21-B91C-F3A87FB2DBCB}.Release|Any CPU.ActiveCfg = Release|Any CPU
		{4B4CD9B3-D4B5-4E21-B91C-F3A87FB2DBCB}.Release|Any CPU.Build.0 = Release|Any CPU
		{DBC610C5-2512-451A-9C8F-13499E2A8B74}.Debug|Any CPU.ActiveCfg = Debug|Any CPU
		{DBC610C5-2512-451A-9C8F-13499E2A8B74}.Debug|Any CPU.Build.0 = Debug|Any CPU
		{DBC610C5-2512-451A-9C8F-13499E2A8B74}.Release|Any CPU.ActiveCfg = Release|Any CPU
		{DBC610C5-2512-451A-9C8F-13499E2A8B74}.Release|Any CPU.Build.0 = Release|Any CPU
		{5B655486-86C9-437E-8EEA-F0B15FAC098E}.Debug|Any CPU.ActiveCfg = Debug|Any CPU
		{5B655486-86C9-437E-8EEA-F0B15FAC098E}.Debug|Any CPU.Build.0 = Debug|Any CPU
		{5B655486-86C9-437E-8EEA-F0B15FAC098E}.Release|Any CPU.ActiveCfg = Release|Any CPU
		{5B655486-86C9-437E-8EEA-F0B15FAC098E}.Release|Any CPU.Build.0 = Release|Any CPU
		{AEA3D55C-6F18-4A3B-A26A-377CE8E07717}.Debug|Any CPU.ActiveCfg = Debug|Any CPU
		{AEA3D55C-6F18-4A3B-A26A-377CE8E07717}.Debug|Any CPU.Build.0 = Debug|Any CPU
		{AEA3D55C-6F18-4A3B-A26A-377CE8E07717}.Release|Any CPU.ActiveCfg = Release|Any CPU
		{AEA3D55C-6F18-4A3B-A26A-377CE8E07717}.Release|Any CPU.Build.0 = Release|Any CPU
		{3672F19F-EDFB-462C-8F4F-322C01861CB6}.Debug|Any CPU.ActiveCfg = Debug|Any CPU
		{3672F19F-EDFB-462C-8F4F-322C01861CB6}.Debug|Any CPU.Build.0 = Debug|Any CPU
		{3672F19F-EDFB-462C-8F4F-322C01861CB6}.Release|Any CPU.ActiveCfg = Release|Any CPU
		{3672F19F-EDFB-462C-8F4F-322C01861CB6}.Release|Any CPU.Build.0 = Release|Any CPU
		{A059C100-A6AA-4D1D-8794-D9039F050F6F}.Debug|Any CPU.ActiveCfg = Debug|Any CPU
		{A059C100-A6AA-4D1D-8794-D9039F050F6F}.Debug|Any CPU.Build.0 = Debug|Any CPU
		{A059C100-A6AA-4D1D-8794-D9039F050F6F}.Release|Any CPU.ActiveCfg = Release|Any CPU
		{A059C100-A6AA-4D1D-8794-D9039F050F6F}.Release|Any CPU.Build.0 = Release|Any CPU
		{C0E862A5-3DED-45B6-BBCF-7ED1285F9979}.Debug|Any CPU.ActiveCfg = Debug|Any CPU
		{C0E862A5-3DED-45B6-BBCF-7ED1285F9979}.Debug|Any CPU.Build.0 = Debug|Any CPU
		{C0E862A5-3DED-45B6-BBCF-7ED1285F9979}.Release|Any CPU.ActiveCfg = Release|Any CPU
		{C0E862A5-3DED-45B6-BBCF-7ED1285F9979}.Release|Any CPU.Build.0 = Release|Any CPU
		{3B2A8227-98CC-4E45-9221-AEF6987DF126}.Debug|Any CPU.ActiveCfg = Debug|Any CPU
		{3B2A8227-98CC-4E45-9221-AEF6987DF126}.Debug|Any CPU.Build.0 = Debug|Any CPU
		{3B2A8227-98CC-4E45-9221-AEF6987DF126}.Release|Any CPU.ActiveCfg = Release|Any CPU
		{3B2A8227-98CC-4E45-9221-AEF6987DF126}.Release|Any CPU.Build.0 = Release|Any CPU
		{096A15FC-8324-4E7D-93ED-DBC97640123A}.Debug|Any CPU.ActiveCfg = Debug|Any CPU
		{096A15FC-8324-4E7D-93ED-DBC97640123A}.Debug|Any CPU.Build.0 = Debug|Any CPU
		{096A15FC-8324-4E7D-93ED-DBC97640123A}.Release|Any CPU.ActiveCfg = Release|Any CPU
		{096A15FC-8324-4E7D-93ED-DBC97640123A}.Release|Any CPU.Build.0 = Release|Any CPU
	EndGlobalSection
	GlobalSection(SolutionProperties) = preSolution
		HideSolutionNode = FALSE
	EndGlobalSection
	GlobalSection(ExtensibilityGlobals) = postSolution
		SolutionGuid = {245F2AA4-73F8-4D96-9BD3-27BCDF3C3000}
	EndGlobalSection
EndGlobal
